// !$*UTF8*$!
{
	archiveVersion = 1;
	classes = {
	};
	objectVersion = 51;
	objects = {

/* Begin PBXBuildFile section */
		693648A823C320EA00D23631 /* RequestsViewController.swift in Sources */ = {isa = PBXBuildFile; fileRef = 693648A723C320EA00D23631 /* RequestsViewController.swift */; };
		6978388523B6C38300C06EEB /* DishInfoCell.swift in Sources */ = {isa = PBXBuildFile; fileRef = 6978388423B6C38300C06EEB /* DishInfoCell.swift */; };
		69C24CBC23CFFCEB002C4053 /* FirebaseMessaging.swift in Sources */ = {isa = PBXBuildFile; fileRef = 69C24CBB23CFFCEB002C4053 /* FirebaseMessaging.swift */; };
		69CEEA3C23CD6E7300EFB9AC /* RestaurantInfo.swift in Sources */ = {isa = PBXBuildFile; fileRef = 69CEEA3B23CD6E7300EFB9AC /* RestaurantInfo.swift */; };
		69CEEA3E23CD6E8100EFB9AC /* OrderPrice.swift in Sources */ = {isa = PBXBuildFile; fileRef = 69CEEA3D23CD6E8100EFB9AC /* OrderPrice.swift */; };
		69CEEA4023CD6E8D00EFB9AC /* ReceiptOrderDish.swift in Sources */ = {isa = PBXBuildFile; fileRef = 69CEEA3F23CD6E8D00EFB9AC /* ReceiptOrderDish.swift */; };
		69CEEA4423CEB45F00EFB9AC /* GoogleService-Info.plist in Resources */ = {isa = PBXBuildFile; fileRef = 69CEEA4323CEB45F00EFB9AC /* GoogleService-Info.plist */; };
		69CEEA4723CFEC9800EFB9AC /* UserNotifications.swift in Sources */ = {isa = PBXBuildFile; fileRef = 69CEEA4623CFEC9800EFB9AC /* UserNotifications.swift */; };
		7B38BC44B37139B00DE4FBF1 /* Pods_Groak.framework in Frameworks */ = {isa = PBXBuildFile; fileRef = 8E219F6C6360D565F741C7E3 /* Pods_Groak.framework */; };
		7C0B8A932397742D0005F093 /* LocalRestaurant.swift in Sources */ = {isa = PBXBuildFile; fileRef = 7C0B8A922397742D0005F093 /* LocalRestaurant.swift */; };
		7C0B8A95239774BE0005F093 /* Cart.swift in Sources */ = {isa = PBXBuildFile; fileRef = 7C0B8A94239774BE0005F093 /* Cart.swift */; };
		7C0B8A9823977A9A0005F093 /* CartViewController.swift in Sources */ = {isa = PBXBuildFile; fileRef = 7C0B8A9723977A9A0005F093 /* CartViewController.swift */; };
		7C0B8A9A23977ABA0005F093 /* CartHeaderView.swift in Sources */ = {isa = PBXBuildFile; fileRef = 7C0B8A9923977ABA0005F093 /* CartHeaderView.swift */; };
		7C0B8A9C23977BE10005F093 /* CartFooterView.swift in Sources */ = {isa = PBXBuildFile; fileRef = 7C0B8A9B23977BE10005F093 /* CartFooterView.swift */; };
		7C0B8A9E23977CEA0005F093 /* CartView.swift in Sources */ = {isa = PBXBuildFile; fileRef = 7C0B8A9D23977CEA0005F093 /* CartView.swift */; };
		7C0B8AA5239783280005F093 /* CartDishCell.swift in Sources */ = {isa = PBXBuildFile; fileRef = 7C0B8AA4239783280005F093 /* CartDishCell.swift */; };
		7C0B8AA7239783410005F093 /* SpecialInstructionsCartCell.swift in Sources */ = {isa = PBXBuildFile; fileRef = 7C0B8AA6239783410005F093 /* SpecialInstructionsCartCell.swift */; };
		7C25A46D2373A50C009F26F9 /* Table.swift in Sources */ = {isa = PBXBuildFile; fileRef = 7C25A46C2373A50C009F26F9 /* Table.swift */; };
		7C25A46F2373B19B009F26F9 /* FirestoreAPICallsTables.swift in Sources */ = {isa = PBXBuildFile; fileRef = 7C25A46E2373B19B009F26F9 /* FirestoreAPICallsTables.swift */; };
		7C25A4712373BEDE009F26F9 /* BottomSheetView.swift in Sources */ = {isa = PBXBuildFile; fileRef = 7C25A4702373BEDE009F26F9 /* BottomSheetView.swift */; };
		7C25A4742374FE42009F26F9 /* DistanceCatalog.swift in Sources */ = {isa = PBXBuildFile; fileRef = 7C25A4732374FE42009F26F9 /* DistanceCatalog.swift */; };
		7C25A476237525C4009F26F9 /* ExtensionCatalog.swift in Sources */ = {isa = PBXBuildFile; fileRef = 7C25A475237525C4009F26F9 /* ExtensionCatalog.swift */; };
		7C25A4782375291C009F26F9 /* ColorsCatalog.swift in Sources */ = {isa = PBXBuildFile; fileRef = 7C25A4772375291C009F26F9 /* ColorsCatalog.swift */; };
		7C25A47A2375297F009F26F9 /* DimensionsCatalog.swift in Sources */ = {isa = PBXBuildFile; fileRef = 7C25A4792375297F009F26F9 /* DimensionsCatalog.swift */; };
		7C25A47C237529E6009F26F9 /* FontCatalog.swift in Sources */ = {isa = PBXBuildFile; fileRef = 7C25A47B237529E6009F26F9 /* FontCatalog.swift */; };
		7C25A47E2375F9AC009F26F9 /* MenuViewController.swift in Sources */ = {isa = PBXBuildFile; fileRef = 7C25A47D2375F9AC009F26F9 /* MenuViewController.swift */; };
		7C25A4812383534E009F26F9 /* MenuCategory.swift in Sources */ = {isa = PBXBuildFile; fileRef = 7C25A4802383534E009F26F9 /* MenuCategory.swift */; };
		7C25A48523836000009F26F9 /* TimeCatalog.swift in Sources */ = {isa = PBXBuildFile; fileRef = 7C25A48423836000009F26F9 /* TimeCatalog.swift */; };
		7C25A487238369E5009F26F9 /* MenuView.swift in Sources */ = {isa = PBXBuildFile; fileRef = 7C25A486238369E5009F26F9 /* MenuView.swift */; };
		7C25A4912383738E009F26F9 /* DishCell.swift in Sources */ = {isa = PBXBuildFile; fileRef = 7C25A4902383738E009F26F9 /* DishCell.swift */; };
		7C25A49323837926009F26F9 /* Dish.swift in Sources */ = {isa = PBXBuildFile; fileRef = 7C25A49223837926009F26F9 /* Dish.swift */; };
		7C25A49523838130009F26F9 /* FirestoreAPICallsDishes.swift in Sources */ = {isa = PBXBuildFile; fileRef = 7C25A49423838130009F26F9 /* FirestoreAPICallsDishes.swift */; };
		7C25A49A2383B752009F26F9 /* CategoryCell.swift in Sources */ = {isa = PBXBuildFile; fileRef = 7C25A4992383B752009F26F9 /* CategoryCell.swift */; };
		7C25A49D23847232009F26F9 /* SearchViewController.swift in Sources */ = {isa = PBXBuildFile; fileRef = 7C25A49C23847231009F26F9 /* SearchViewController.swift */; };
		7C25A4A023847A10009F26F9 /* SearchHeaderView.swift in Sources */ = {isa = PBXBuildFile; fileRef = 7C25A49F23847A10009F26F9 /* SearchHeaderView.swift */; };
		7C25A4A323848E4D009F26F9 /* SearchMenuView.swift in Sources */ = {isa = PBXBuildFile; fileRef = 7C25A4A223848E4D009F26F9 /* SearchMenuView.swift */; };
		7C25A4A52384A376009F26F9 /* MenuHeaderView.swift in Sources */ = {isa = PBXBuildFile; fileRef = 7C25A4A42384A376009F26F9 /* MenuHeaderView.swift */; };
		7C25A4AD2384C586009F26F9 /* DishViewController.swift in Sources */ = {isa = PBXBuildFile; fileRef = 7C25A4AC2384C586009F26F9 /* DishViewController.swift */; };
		7C25A4AF2384C597009F26F9 /* DishHeaderView.swift in Sources */ = {isa = PBXBuildFile; fileRef = 7C25A4AE2384C597009F26F9 /* DishHeaderView.swift */; };
		7C25A4B12384C5A4009F26F9 /* DishFooterView.swift in Sources */ = {isa = PBXBuildFile; fileRef = 7C25A4B02384C5A4009F26F9 /* DishFooterView.swift */; };
		7C25A4B42384C60D009F26F9 /* DishDetailsView.swift in Sources */ = {isa = PBXBuildFile; fileRef = 7C25A4B32384C60D009F26F9 /* DishDetailsView.swift */; };
		7C334176239F2218004300E1 /* TabbarViewController.swift in Sources */ = {isa = PBXBuildFile; fileRef = 7C334175239F2218004300E1 /* TabbarViewController.swift */; };
		7C33417923A0AD9C004300E1 /* AllowCameraViewController.swift in Sources */ = {isa = PBXBuildFile; fileRef = 7C33417823A0AD9C004300E1 /* AllowCameraViewController.swift */; };
		7C33417B23A0B6E2004300E1 /* PermissionsCatalog.swift in Sources */ = {isa = PBXBuildFile; fileRef = 7C33417A23A0B6E2004300E1 /* PermissionsCatalog.swift */; };
		7C33417D23A0C486004300E1 /* AllowLocationViewController.swift in Sources */ = {isa = PBXBuildFile; fileRef = 7C33417C23A0C486004300E1 /* AllowLocationViewController.swift */; };
		7C5457B323A300A500C79FC6 /* Groak.xcdatamodeld in Sources */ = {isa = PBXBuildFile; fileRef = 7C5457B123A300A500C79FC6 /* Groak.xcdatamodeld */; };
		7C5457BD23A3034700C79FC6 /* CoreDataComment+CoreDataClass.swift in Sources */ = {isa = PBXBuildFile; fileRef = 7C5457B523A3034700C79FC6 /* CoreDataComment+CoreDataClass.swift */; };
		7C5457BE23A3034700C79FC6 /* CoreDataComment+CoreDataProperties.swift in Sources */ = {isa = PBXBuildFile; fileRef = 7C5457B623A3034700C79FC6 /* CoreDataComment+CoreDataProperties.swift */; };
		7C5457BF23A3034700C79FC6 /* CoreDataDish+CoreDataClass.swift in Sources */ = {isa = PBXBuildFile; fileRef = 7C5457B723A3034700C79FC6 /* CoreDataDish+CoreDataClass.swift */; };
		7C5457C023A3034700C79FC6 /* CoreDataDish+CoreDataProperties.swift in Sources */ = {isa = PBXBuildFile; fileRef = 7C5457B823A3034700C79FC6 /* CoreDataDish+CoreDataProperties.swift */; };
		7C5457C123A3034700C79FC6 /* CoreDataDishExtraOption+CoreDataClass.swift in Sources */ = {isa = PBXBuildFile; fileRef = 7C5457B923A3034700C79FC6 /* CoreDataDishExtraOption+CoreDataClass.swift */; };
		7C5457C223A3034700C79FC6 /* CoreDataDishExtraOption+CoreDataProperties.swift in Sources */ = {isa = PBXBuildFile; fileRef = 7C5457BA23A3034700C79FC6 /* CoreDataDishExtraOption+CoreDataProperties.swift */; };
		7C5457C323A3034700C79FC6 /* CoreDataDishExtra+CoreDataClass.swift in Sources */ = {isa = PBXBuildFile; fileRef = 7C5457BB23A3034700C79FC6 /* CoreDataDishExtra+CoreDataClass.swift */; };
		7C5457C423A3034700C79FC6 /* CoreDataDishExtra+CoreDataProperties.swift in Sources */ = {isa = PBXBuildFile; fileRef = 7C5457BC23A3034700C79FC6 /* CoreDataDishExtra+CoreDataProperties.swift */; };
		7C59E3FC2397898E005CFED5 /* CartDetailsViewController.swift in Sources */ = {isa = PBXBuildFile; fileRef = 7C59E3FB2397898E005CFED5 /* CartDetailsViewController.swift */; };
		7C59E3FE239789BF005CFED5 /* CartDetailsHeaderView.swift in Sources */ = {isa = PBXBuildFile; fileRef = 7C59E3FD239789BF005CFED5 /* CartDetailsHeaderView.swift */; };
		7C59E400239789CC005CFED5 /* CartDetailsFooterView.swift in Sources */ = {isa = PBXBuildFile; fileRef = 7C59E3FF239789CC005CFED5 /* CartDetailsFooterView.swift */; };
		7C59E4022398A8E1005CFED5 /* CartDetailsView.swift in Sources */ = {isa = PBXBuildFile; fileRef = 7C59E4012398A8E1005CFED5 /* CartDetailsView.swift */; };
		7C59E4052399FA66005CFED5 /* OrderViewController.swift in Sources */ = {isa = PBXBuildFile; fileRef = 7C59E4042399FA66005CFED5 /* OrderViewController.swift */; };
		7C59E4072399FAF6005CFED5 /* OrderHeaderView.swift in Sources */ = {isa = PBXBuildFile; fileRef = 7C59E4062399FAF6005CFED5 /* OrderHeaderView.swift */; };
		7C59E4092399FB07005CFED5 /* OrderFooterView.swift in Sources */ = {isa = PBXBuildFile; fileRef = 7C59E4082399FB07005CFED5 /* OrderFooterView.swift */; };
		7C59E40C2399FC0D005CFED5 /* OrderStatusCell.swift in Sources */ = {isa = PBXBuildFile; fileRef = 7C59E40B2399FC0D005CFED5 /* OrderStatusCell.swift */; };
		7C59E40E2399FC1F005CFED5 /* OrderDishCell.swift in Sources */ = {isa = PBXBuildFile; fileRef = 7C59E40D2399FC1F005CFED5 /* OrderDishCell.swift */; };
		7C59E4102399FC39005CFED5 /* SpecialInstructionsOrderCell.swift in Sources */ = {isa = PBXBuildFile; fileRef = 7C59E40F2399FC39005CFED5 /* SpecialInstructionsOrderCell.swift */; };
		7C59E4122399FE0C005CFED5 /* OrderView.swift in Sources */ = {isa = PBXBuildFile; fileRef = 7C59E4112399FE0C005CFED5 /* OrderView.swift */; };
		7C59E414239A0693005CFED5 /* FirestoreAPICallsOrders.swift in Sources */ = {isa = PBXBuildFile; fileRef = 7C59E413239A0693005CFED5 /* FirestoreAPICallsOrders.swift */; };
		7C59E416239AE317005CFED5 /* Order.swift in Sources */ = {isa = PBXBuildFile; fileRef = 7C59E415239AE317005CFED5 /* Order.swift */; };
		7C59E418239B2CE7005CFED5 /* OrderCommentCell.swift in Sources */ = {isa = PBXBuildFile; fileRef = 7C59E417239B2CE7005CFED5 /* OrderCommentCell.swift */; };
		7C59E43E239B4A89005CFED5 /* BottomSheetHeaderView.swift in Sources */ = {isa = PBXBuildFile; fileRef = 7C59E43D239B4A89005CFED5 /* BottomSheetHeaderView.swift */; };
		7C59E440239B4DA5005CFED5 /* RestaurantsListView.swift in Sources */ = {isa = PBXBuildFile; fileRef = 7C59E43F239B4DA4005CFED5 /* RestaurantsListView.swift */; };
		7C59E442239B4EBE005CFED5 /* RestaurantCell.swift in Sources */ = {isa = PBXBuildFile; fileRef = 7C59E441239B4EBE005CFED5 /* RestaurantCell.swift */; };
		7C59E444239B5126005CFED5 /* RestaurantFullView.swift in Sources */ = {isa = PBXBuildFile; fileRef = 7C59E443239B5126005CFED5 /* RestaurantFullView.swift */; };
		7C63CD6123A3775100650AE0 /* RestaurantInfoCell.swift in Sources */ = {isa = PBXBuildFile; fileRef = 7C63CD6023A3775100650AE0 /* RestaurantInfoCell.swift */; };
		7C63CD6323A37B5A00650AE0 /* OrderPriceCell.swift in Sources */ = {isa = PBXBuildFile; fileRef = 7C63CD6223A37B5A00650AE0 /* OrderPriceCell.swift */; };
		7C63CD6523A3800700650AE0 /* ReceiptOrderDishCell.swift in Sources */ = {isa = PBXBuildFile; fileRef = 7C63CD6423A3800700650AE0 /* ReceiptOrderDishCell.swift */; };
		7C63CD6723A3827800650AE0 /* ReceiptViewController.swift in Sources */ = {isa = PBXBuildFile; fileRef = 7C63CD6623A3827800650AE0 /* ReceiptViewController.swift */; };
		7C7F90662385CE180012D2BF /* DishImageCell.swift in Sources */ = {isa = PBXBuildFile; fileRef = 7C7F90652385CE180012D2BF /* DishImageCell.swift */; };
		7C7F90682385CEDA0012D2BF /* DishContentCell.swift in Sources */ = {isa = PBXBuildFile; fileRef = 7C7F90672385CEDA0012D2BF /* DishContentCell.swift */; };
		7C7F906A2385CEF10012D2BF /* DishDescriptionCell.swift in Sources */ = {isa = PBXBuildFile; fileRef = 7C7F90692385CEF10012D2BF /* DishDescriptionCell.swift */; };
		7C7F906F2385E5410012D2BF /* IngredientsViewController.swift in Sources */ = {isa = PBXBuildFile; fileRef = 7C7F906E2385E5410012D2BF /* IngredientsViewController.swift */; };
		7C7F90712385E59D0012D2BF /* IngredientsHeaderView.swift in Sources */ = {isa = PBXBuildFile; fileRef = 7C7F90702385E59D0012D2BF /* IngredientsHeaderView.swift */; };
		7C7F90732385E5BC0012D2BF /* IngredientsView.swift in Sources */ = {isa = PBXBuildFile; fileRef = 7C7F90722385E5BC0012D2BF /* IngredientsView.swift */; };
		7C7F90782385EC000012D2BF /* IngredientWebViewController.swift in Sources */ = {isa = PBXBuildFile; fileRef = 7C7F90772385EC000012D2BF /* IngredientWebViewController.swift */; };
		7C7F907A2385EC240012D2BF /* IngredientWebHeaderView.swift in Sources */ = {isa = PBXBuildFile; fileRef = 7C7F90792385EC240012D2BF /* IngredientWebHeaderView.swift */; };
		7C7F907C2385EC300012D2BF /* IngredientWebView.swift in Sources */ = {isa = PBXBuildFile; fileRef = 7C7F907B2385EC300012D2BF /* IngredientWebView.swift */; };
		7C7F907E2385FEDC0012D2BF /* ClassCatalog.swift in Sources */ = {isa = PBXBuildFile; fileRef = 7C7F907D2385FEDC0012D2BF /* ClassCatalog.swift */; };
		7C9854F5238BC42300241A62 /* RequestCell.swift in Sources */ = {isa = PBXBuildFile; fileRef = 7C9854F4238BC42300241A62 /* RequestCell.swift */; };
		7C9854F7238BC85300241A62 /* FirestoreAPICallsRequests.swift in Sources */ = {isa = PBXBuildFile; fileRef = 7C9854F6238BC85300241A62 /* FirestoreAPICallsRequests.swift */; };
		7C9854F9238BCDB000241A62 /* Requests.swift in Sources */ = {isa = PBXBuildFile; fileRef = 7C9854F8238BCDB000241A62 /* Requests.swift */; };
		7CDDD9CF237374C000C6EF37 /* AppDelegate.swift in Sources */ = {isa = PBXBuildFile; fileRef = 7CDDD9CE237374C000C6EF37 /* AppDelegate.swift */; };
		7CDDD9D8237374C100C6EF37 /* Assets.xcassets in Resources */ = {isa = PBXBuildFile; fileRef = 7CDDD9D7237374C100C6EF37 /* Assets.xcassets */; };
		7CDDD9DB237374C100C6EF37 /* LaunchScreen.storyboard in Resources */ = {isa = PBXBuildFile; fileRef = 7CDDD9D9237374C100C6EF37 /* LaunchScreen.storyboard */; };
		7CDDD9E523737B4300C6EF37 /* Catalog.swift in Sources */ = {isa = PBXBuildFile; fileRef = 7CDDD9E423737B4300C6EF37 /* Catalog.swift */; };
		7CDDD9E923737C6A00C6EF37 /* IntroViewController.swift in Sources */ = {isa = PBXBuildFile; fileRef = 7CDDD9E823737C6A00C6EF37 /* IntroViewController.swift */; };
		7CDDD9EB23737DD000C6EF37 /* CameraQRCodeView.swift in Sources */ = {isa = PBXBuildFile; fileRef = 7CDDD9EA23737DD000C6EF37 /* CameraQRCodeView.swift */; };
		7CDDD9ED2373802B00C6EF37 /* Restaurant.swift in Sources */ = {isa = PBXBuildFile; fileRef = 7CDDD9EC2373802B00C6EF37 /* Restaurant.swift */; };
		7CDDD9F1237382CA00C6EF37 /* FirestoreAPICallsRestaurants.swift in Sources */ = {isa = PBXBuildFile; fileRef = 7CDDD9F0237382CA00C6EF37 /* FirestoreAPICallsRestaurants.swift */; };
		7CDDD9F32373837E00C6EF37 /* Firebase.swift in Sources */ = {isa = PBXBuildFile; fileRef = 7CDDD9F22373837E00C6EF37 /* Firebase.swift */; };
		7CDE384F23A34630006F1950 /* ReceiptHeaderView.swift in Sources */ = {isa = PBXBuildFile; fileRef = 7CDE384E23A34630006F1950 /* ReceiptHeaderView.swift */; };
		7CDE385123A3464A006F1950 /* ReceiptFooterView.swift in Sources */ = {isa = PBXBuildFile; fileRef = 7CDE385023A3464A006F1950 /* ReceiptFooterView.swift */; };
		7CDE385323A362C5006F1950 /* ReceiptView.swift in Sources */ = {isa = PBXBuildFile; fileRef = 7CDE385223A362C5006F1950 /* ReceiptView.swift */; };
		7CEC21EC23863AC700F96390 /* AddToCartViewController.swift in Sources */ = {isa = PBXBuildFile; fileRef = 7CEC21EB23863AC700F96390 /* AddToCartViewController.swift */; };
		7CEC21EE23863BC100F96390 /* AddToCartHeaderView.swift in Sources */ = {isa = PBXBuildFile; fileRef = 7CEC21ED23863BC100F96390 /* AddToCartHeaderView.swift */; };
		7CEC21F023863C4200F96390 /* AddToCartFooterView.swift in Sources */ = {isa = PBXBuildFile; fileRef = 7CEC21EF23863C4200F96390 /* AddToCartFooterView.swift */; };
		7CEC21F223863F7000F96390 /* AddToCartExtrasView.swift in Sources */ = {isa = PBXBuildFile; fileRef = 7CEC21F123863F7000F96390 /* AddToCartExtrasView.swift */; };
		7CEC21F423863FB700F96390 /* AddToCartExtraOptionCell.swift in Sources */ = {isa = PBXBuildFile; fileRef = 7CEC21F323863FB700F96390 /* AddToCartExtraOptionCell.swift */; };
		7CEC21F623863FFA00F96390 /* SpecialInstructionsCell.swift in Sources */ = {isa = PBXBuildFile; fileRef = 7CEC21F523863FFA00F96390 /* SpecialInstructionsCell.swift */; };
		7CEC21FD238B604E00F96390 /* RequestHeaderView.swift in Sources */ = {isa = PBXBuildFile; fileRef = 7CEC21FC238B604E00F96390 /* RequestHeaderView.swift */; };
		7CEC21FF238B688C00F96390 /* RequestView.swift in Sources */ = {isa = PBXBuildFile; fileRef = 7CEC21FE238B688C00F96390 /* RequestView.swift */; };
		7CEC2201238B68E900F96390 /* RequestFooterView.swift in Sources */ = {isa = PBXBuildFile; fileRef = 7CEC2200238B68E900F96390 /* RequestFooterView.swift */; };
		7CEC2204238B723500F96390 /* SuggestionsCell.swift in Sources */ = {isa = PBXBuildFile; fileRef = 7CEC2203238B723500F96390 /* SuggestionsCell.swift */; };
/* End PBXBuildFile section */

/* Begin PBXFileReference section */
		3198C123726362ECBA54CC8D /* Pods-Groak.debug.xcconfig */ = {isa = PBXFileReference; includeInIndex = 1; lastKnownFileType = text.xcconfig; name = "Pods-Groak.debug.xcconfig"; path = "Target Support Files/Pods-Groak/Pods-Groak.debug.xcconfig"; sourceTree = "<group>"; };
		5225B9348E5B5B29C5074626 /* Pods-Groak.release.xcconfig */ = {isa = PBXFileReference; includeInIndex = 1; lastKnownFileType = text.xcconfig; name = "Pods-Groak.release.xcconfig"; path = "Target Support Files/Pods-Groak/Pods-Groak.release.xcconfig"; sourceTree = "<group>"; };
		693648A723C320EA00D23631 /* RequestsViewController.swift */ = {isa = PBXFileReference; fileEncoding = 4; lastKnownFileType = sourcecode.swift; path = RequestsViewController.swift; sourceTree = "<group>"; };
		6978388423B6C38300C06EEB /* DishInfoCell.swift */ = {isa = PBXFileReference; lastKnownFileType = sourcecode.swift; path = DishInfoCell.swift; sourceTree = "<group>"; };
		69A5879F23A9DF2E003C9D16 /* Info.plist */ = {isa = PBXFileReference; lastKnownFileType = text.plist.xml; path = Info.plist; sourceTree = "<group>"; };
		69C24CBB23CFFCEB002C4053 /* FirebaseMessaging.swift */ = {isa = PBXFileReference; lastKnownFileType = sourcecode.swift; path = FirebaseMessaging.swift; sourceTree = "<group>"; };
		69CEEA3B23CD6E7300EFB9AC /* RestaurantInfo.swift */ = {isa = PBXFileReference; lastKnownFileType = sourcecode.swift; path = RestaurantInfo.swift; sourceTree = "<group>"; };
		69CEEA3D23CD6E8100EFB9AC /* OrderPrice.swift */ = {isa = PBXFileReference; lastKnownFileType = sourcecode.swift; path = OrderPrice.swift; sourceTree = "<group>"; };
		69CEEA3F23CD6E8D00EFB9AC /* ReceiptOrderDish.swift */ = {isa = PBXFileReference; lastKnownFileType = sourcecode.swift; path = ReceiptOrderDish.swift; sourceTree = "<group>"; };
		69CEEA4323CEB45F00EFB9AC /* GoogleService-Info.plist */ = {isa = PBXFileReference; fileEncoding = 4; lastKnownFileType = text.plist.xml; path = "GoogleService-Info.plist"; sourceTree = "<group>"; };
		69CEEA4623CFEC9800EFB9AC /* UserNotifications.swift */ = {isa = PBXFileReference; lastKnownFileType = sourcecode.swift; path = UserNotifications.swift; sourceTree = "<group>"; };
		7C0B8A922397742D0005F093 /* LocalRestaurant.swift */ = {isa = PBXFileReference; lastKnownFileType = sourcecode.swift; path = LocalRestaurant.swift; sourceTree = "<group>"; };
		7C0B8A94239774BE0005F093 /* Cart.swift */ = {isa = PBXFileReference; lastKnownFileType = sourcecode.swift; path = Cart.swift; sourceTree = "<group>"; };
		7C0B8A9723977A9A0005F093 /* CartViewController.swift */ = {isa = PBXFileReference; lastKnownFileType = sourcecode.swift; path = CartViewController.swift; sourceTree = "<group>"; };
		7C0B8A9923977ABA0005F093 /* CartHeaderView.swift */ = {isa = PBXFileReference; lastKnownFileType = sourcecode.swift; path = CartHeaderView.swift; sourceTree = "<group>"; };
		7C0B8A9B23977BE10005F093 /* CartFooterView.swift */ = {isa = PBXFileReference; lastKnownFileType = sourcecode.swift; path = CartFooterView.swift; sourceTree = "<group>"; };
		7C0B8A9D23977CEA0005F093 /* CartView.swift */ = {isa = PBXFileReference; lastKnownFileType = sourcecode.swift; path = CartView.swift; sourceTree = "<group>"; };
		7C0B8AA4239783280005F093 /* CartDishCell.swift */ = {isa = PBXFileReference; lastKnownFileType = sourcecode.swift; path = CartDishCell.swift; sourceTree = "<group>"; };
		7C0B8AA6239783410005F093 /* SpecialInstructionsCartCell.swift */ = {isa = PBXFileReference; lastKnownFileType = sourcecode.swift; path = SpecialInstructionsCartCell.swift; sourceTree = "<group>"; };
		7C25A46C2373A50C009F26F9 /* Table.swift */ = {isa = PBXFileReference; lastKnownFileType = sourcecode.swift; path = Table.swift; sourceTree = "<group>"; };
		7C25A46E2373B19B009F26F9 /* FirestoreAPICallsTables.swift */ = {isa = PBXFileReference; lastKnownFileType = sourcecode.swift; path = FirestoreAPICallsTables.swift; sourceTree = "<group>"; };
		7C25A4702373BEDE009F26F9 /* BottomSheetView.swift */ = {isa = PBXFileReference; lastKnownFileType = sourcecode.swift; path = BottomSheetView.swift; sourceTree = "<group>"; };
		7C25A4732374FE42009F26F9 /* DistanceCatalog.swift */ = {isa = PBXFileReference; lastKnownFileType = sourcecode.swift; path = DistanceCatalog.swift; sourceTree = "<group>"; };
		7C25A475237525C4009F26F9 /* ExtensionCatalog.swift */ = {isa = PBXFileReference; lastKnownFileType = sourcecode.swift; path = ExtensionCatalog.swift; sourceTree = "<group>"; };
		7C25A4772375291C009F26F9 /* ColorsCatalog.swift */ = {isa = PBXFileReference; lastKnownFileType = sourcecode.swift; path = ColorsCatalog.swift; sourceTree = "<group>"; };
		7C25A4792375297F009F26F9 /* DimensionsCatalog.swift */ = {isa = PBXFileReference; lastKnownFileType = sourcecode.swift; path = DimensionsCatalog.swift; sourceTree = "<group>"; };
		7C25A47B237529E6009F26F9 /* FontCatalog.swift */ = {isa = PBXFileReference; lastKnownFileType = sourcecode.swift; path = FontCatalog.swift; sourceTree = "<group>"; };
		7C25A47D2375F9AC009F26F9 /* MenuViewController.swift */ = {isa = PBXFileReference; lastKnownFileType = sourcecode.swift; path = MenuViewController.swift; sourceTree = "<group>"; };
		7C25A4802383534E009F26F9 /* MenuCategory.swift */ = {isa = PBXFileReference; lastKnownFileType = sourcecode.swift; path = MenuCategory.swift; sourceTree = "<group>"; };
		7C25A48423836000009F26F9 /* TimeCatalog.swift */ = {isa = PBXFileReference; lastKnownFileType = sourcecode.swift; path = TimeCatalog.swift; sourceTree = "<group>"; };
		7C25A486238369E5009F26F9 /* MenuView.swift */ = {isa = PBXFileReference; lastKnownFileType = sourcecode.swift; path = MenuView.swift; sourceTree = "<group>"; };
		7C25A4902383738E009F26F9 /* DishCell.swift */ = {isa = PBXFileReference; lastKnownFileType = sourcecode.swift; path = DishCell.swift; sourceTree = "<group>"; };
		7C25A49223837926009F26F9 /* Dish.swift */ = {isa = PBXFileReference; lastKnownFileType = sourcecode.swift; path = Dish.swift; sourceTree = "<group>"; };
		7C25A49423838130009F26F9 /* FirestoreAPICallsDishes.swift */ = {isa = PBXFileReference; lastKnownFileType = sourcecode.swift; path = FirestoreAPICallsDishes.swift; sourceTree = "<group>"; };
		7C25A4992383B752009F26F9 /* CategoryCell.swift */ = {isa = PBXFileReference; lastKnownFileType = sourcecode.swift; path = CategoryCell.swift; sourceTree = "<group>"; };
		7C25A49C23847231009F26F9 /* SearchViewController.swift */ = {isa = PBXFileReference; lastKnownFileType = sourcecode.swift; path = SearchViewController.swift; sourceTree = "<group>"; };
		7C25A49F23847A10009F26F9 /* SearchHeaderView.swift */ = {isa = PBXFileReference; lastKnownFileType = sourcecode.swift; path = SearchHeaderView.swift; sourceTree = "<group>"; };
		7C25A4A223848E4D009F26F9 /* SearchMenuView.swift */ = {isa = PBXFileReference; lastKnownFileType = sourcecode.swift; path = SearchMenuView.swift; sourceTree = "<group>"; };
		7C25A4A42384A376009F26F9 /* MenuHeaderView.swift */ = {isa = PBXFileReference; lastKnownFileType = sourcecode.swift; path = MenuHeaderView.swift; sourceTree = "<group>"; };
		7C25A4AC2384C586009F26F9 /* DishViewController.swift */ = {isa = PBXFileReference; lastKnownFileType = sourcecode.swift; path = DishViewController.swift; sourceTree = "<group>"; };
		7C25A4AE2384C597009F26F9 /* DishHeaderView.swift */ = {isa = PBXFileReference; lastKnownFileType = sourcecode.swift; path = DishHeaderView.swift; sourceTree = "<group>"; };
		7C25A4B02384C5A4009F26F9 /* DishFooterView.swift */ = {isa = PBXFileReference; lastKnownFileType = sourcecode.swift; path = DishFooterView.swift; sourceTree = "<group>"; };
		7C25A4B32384C60D009F26F9 /* DishDetailsView.swift */ = {isa = PBXFileReference; lastKnownFileType = sourcecode.swift; path = DishDetailsView.swift; sourceTree = "<group>"; };
		7C334175239F2218004300E1 /* TabbarViewController.swift */ = {isa = PBXFileReference; lastKnownFileType = sourcecode.swift; path = TabbarViewController.swift; sourceTree = "<group>"; };
		7C33417823A0AD9C004300E1 /* AllowCameraViewController.swift */ = {isa = PBXFileReference; lastKnownFileType = sourcecode.swift; path = AllowCameraViewController.swift; sourceTree = "<group>"; };
		7C33417A23A0B6E2004300E1 /* PermissionsCatalog.swift */ = {isa = PBXFileReference; lastKnownFileType = sourcecode.swift; path = PermissionsCatalog.swift; sourceTree = "<group>"; };
		7C33417C23A0C486004300E1 /* AllowLocationViewController.swift */ = {isa = PBXFileReference; lastKnownFileType = sourcecode.swift; path = AllowLocationViewController.swift; sourceTree = "<group>"; };
		7C5457B223A300A500C79FC6 /* Groak.xcdatamodel */ = {isa = PBXFileReference; lastKnownFileType = wrapper.xcdatamodel; path = Groak.xcdatamodel; sourceTree = "<group>"; };
		7C5457B523A3034700C79FC6 /* CoreDataComment+CoreDataClass.swift */ = {isa = PBXFileReference; lastKnownFileType = sourcecode.swift; path = "CoreDataComment+CoreDataClass.swift"; sourceTree = "<group>"; };
		7C5457B623A3034700C79FC6 /* CoreDataComment+CoreDataProperties.swift */ = {isa = PBXFileReference; lastKnownFileType = sourcecode.swift; path = "CoreDataComment+CoreDataProperties.swift"; sourceTree = "<group>"; };
		7C5457B723A3034700C79FC6 /* CoreDataDish+CoreDataClass.swift */ = {isa = PBXFileReference; lastKnownFileType = sourcecode.swift; path = "CoreDataDish+CoreDataClass.swift"; sourceTree = "<group>"; };
		7C5457B823A3034700C79FC6 /* CoreDataDish+CoreDataProperties.swift */ = {isa = PBXFileReference; lastKnownFileType = sourcecode.swift; path = "CoreDataDish+CoreDataProperties.swift"; sourceTree = "<group>"; };
		7C5457B923A3034700C79FC6 /* CoreDataDishExtraOption+CoreDataClass.swift */ = {isa = PBXFileReference; lastKnownFileType = sourcecode.swift; path = "CoreDataDishExtraOption+CoreDataClass.swift"; sourceTree = "<group>"; };
		7C5457BA23A3034700C79FC6 /* CoreDataDishExtraOption+CoreDataProperties.swift */ = {isa = PBXFileReference; lastKnownFileType = sourcecode.swift; path = "CoreDataDishExtraOption+CoreDataProperties.swift"; sourceTree = "<group>"; };
		7C5457BB23A3034700C79FC6 /* CoreDataDishExtra+CoreDataClass.swift */ = {isa = PBXFileReference; lastKnownFileType = sourcecode.swift; path = "CoreDataDishExtra+CoreDataClass.swift"; sourceTree = "<group>"; };
		7C5457BC23A3034700C79FC6 /* CoreDataDishExtra+CoreDataProperties.swift */ = {isa = PBXFileReference; lastKnownFileType = sourcecode.swift; path = "CoreDataDishExtra+CoreDataProperties.swift"; sourceTree = "<group>"; };
		7C59E3FB2397898E005CFED5 /* CartDetailsViewController.swift */ = {isa = PBXFileReference; lastKnownFileType = sourcecode.swift; path = CartDetailsViewController.swift; sourceTree = "<group>"; };
		7C59E3FD239789BF005CFED5 /* CartDetailsHeaderView.swift */ = {isa = PBXFileReference; lastKnownFileType = sourcecode.swift; path = CartDetailsHeaderView.swift; sourceTree = "<group>"; };
		7C59E3FF239789CC005CFED5 /* CartDetailsFooterView.swift */ = {isa = PBXFileReference; lastKnownFileType = sourcecode.swift; path = CartDetailsFooterView.swift; sourceTree = "<group>"; };
		7C59E4012398A8E1005CFED5 /* CartDetailsView.swift */ = {isa = PBXFileReference; lastKnownFileType = sourcecode.swift; path = CartDetailsView.swift; sourceTree = "<group>"; };
		7C59E4042399FA66005CFED5 /* OrderViewController.swift */ = {isa = PBXFileReference; lastKnownFileType = sourcecode.swift; path = OrderViewController.swift; sourceTree = "<group>"; };
		7C59E4062399FAF6005CFED5 /* OrderHeaderView.swift */ = {isa = PBXFileReference; lastKnownFileType = sourcecode.swift; path = OrderHeaderView.swift; sourceTree = "<group>"; };
		7C59E4082399FB07005CFED5 /* OrderFooterView.swift */ = {isa = PBXFileReference; lastKnownFileType = sourcecode.swift; path = OrderFooterView.swift; sourceTree = "<group>"; };
		7C59E40B2399FC0D005CFED5 /* OrderStatusCell.swift */ = {isa = PBXFileReference; lastKnownFileType = sourcecode.swift; path = OrderStatusCell.swift; sourceTree = "<group>"; };
		7C59E40D2399FC1F005CFED5 /* OrderDishCell.swift */ = {isa = PBXFileReference; lastKnownFileType = sourcecode.swift; path = OrderDishCell.swift; sourceTree = "<group>"; };
		7C59E40F2399FC39005CFED5 /* SpecialInstructionsOrderCell.swift */ = {isa = PBXFileReference; lastKnownFileType = sourcecode.swift; path = SpecialInstructionsOrderCell.swift; sourceTree = "<group>"; };
		7C59E4112399FE0C005CFED5 /* OrderView.swift */ = {isa = PBXFileReference; lastKnownFileType = sourcecode.swift; path = OrderView.swift; sourceTree = "<group>"; };
		7C59E413239A0693005CFED5 /* FirestoreAPICallsOrders.swift */ = {isa = PBXFileReference; lastKnownFileType = sourcecode.swift; path = FirestoreAPICallsOrders.swift; sourceTree = "<group>"; };
		7C59E415239AE317005CFED5 /* Order.swift */ = {isa = PBXFileReference; lastKnownFileType = sourcecode.swift; path = Order.swift; sourceTree = "<group>"; };
		7C59E417239B2CE7005CFED5 /* OrderCommentCell.swift */ = {isa = PBXFileReference; lastKnownFileType = sourcecode.swift; path = OrderCommentCell.swift; sourceTree = "<group>"; };
		7C59E43D239B4A89005CFED5 /* BottomSheetHeaderView.swift */ = {isa = PBXFileReference; lastKnownFileType = sourcecode.swift; path = BottomSheetHeaderView.swift; sourceTree = "<group>"; };
		7C59E43F239B4DA4005CFED5 /* RestaurantsListView.swift */ = {isa = PBXFileReference; lastKnownFileType = sourcecode.swift; path = RestaurantsListView.swift; sourceTree = "<group>"; };
		7C59E441239B4EBE005CFED5 /* RestaurantCell.swift */ = {isa = PBXFileReference; lastKnownFileType = sourcecode.swift; path = RestaurantCell.swift; sourceTree = "<group>"; };
		7C59E443239B5126005CFED5 /* RestaurantFullView.swift */ = {isa = PBXFileReference; lastKnownFileType = sourcecode.swift; path = RestaurantFullView.swift; sourceTree = "<group>"; };
		7C63CD6023A3775100650AE0 /* RestaurantInfoCell.swift */ = {isa = PBXFileReference; lastKnownFileType = sourcecode.swift; path = RestaurantInfoCell.swift; sourceTree = "<group>"; };
		7C63CD6223A37B5A00650AE0 /* OrderPriceCell.swift */ = {isa = PBXFileReference; lastKnownFileType = sourcecode.swift; path = OrderPriceCell.swift; sourceTree = "<group>"; };
		7C63CD6423A3800700650AE0 /* ReceiptOrderDishCell.swift */ = {isa = PBXFileReference; lastKnownFileType = sourcecode.swift; path = ReceiptOrderDishCell.swift; sourceTree = "<group>"; };
		7C63CD6623A3827800650AE0 /* ReceiptViewController.swift */ = {isa = PBXFileReference; lastKnownFileType = sourcecode.swift; path = ReceiptViewController.swift; sourceTree = "<group>"; };
		7C7F90652385CE180012D2BF /* DishImageCell.swift */ = {isa = PBXFileReference; lastKnownFileType = sourcecode.swift; path = DishImageCell.swift; sourceTree = "<group>"; };
		7C7F90672385CEDA0012D2BF /* DishContentCell.swift */ = {isa = PBXFileReference; lastKnownFileType = sourcecode.swift; path = DishContentCell.swift; sourceTree = "<group>"; };
		7C7F90692385CEF10012D2BF /* DishDescriptionCell.swift */ = {isa = PBXFileReference; lastKnownFileType = sourcecode.swift; path = DishDescriptionCell.swift; sourceTree = "<group>"; };
		7C7F906E2385E5410012D2BF /* IngredientsViewController.swift */ = {isa = PBXFileReference; lastKnownFileType = sourcecode.swift; path = IngredientsViewController.swift; sourceTree = "<group>"; };
		7C7F90702385E59D0012D2BF /* IngredientsHeaderView.swift */ = {isa = PBXFileReference; lastKnownFileType = sourcecode.swift; path = IngredientsHeaderView.swift; sourceTree = "<group>"; };
		7C7F90722385E5BC0012D2BF /* IngredientsView.swift */ = {isa = PBXFileReference; lastKnownFileType = sourcecode.swift; path = IngredientsView.swift; sourceTree = "<group>"; };
		7C7F90772385EC000012D2BF /* IngredientWebViewController.swift */ = {isa = PBXFileReference; lastKnownFileType = sourcecode.swift; path = IngredientWebViewController.swift; sourceTree = "<group>"; };
		7C7F90792385EC240012D2BF /* IngredientWebHeaderView.swift */ = {isa = PBXFileReference; lastKnownFileType = sourcecode.swift; path = IngredientWebHeaderView.swift; sourceTree = "<group>"; };
		7C7F907B2385EC300012D2BF /* IngredientWebView.swift */ = {isa = PBXFileReference; lastKnownFileType = sourcecode.swift; path = IngredientWebView.swift; sourceTree = "<group>"; };
		7C7F907D2385FEDC0012D2BF /* ClassCatalog.swift */ = {isa = PBXFileReference; lastKnownFileType = sourcecode.swift; path = ClassCatalog.swift; sourceTree = "<group>"; };
		7C9854F4238BC42300241A62 /* RequestCell.swift */ = {isa = PBXFileReference; lastKnownFileType = sourcecode.swift; path = RequestCell.swift; sourceTree = "<group>"; };
		7C9854F6238BC85300241A62 /* FirestoreAPICallsRequests.swift */ = {isa = PBXFileReference; lastKnownFileType = sourcecode.swift; path = FirestoreAPICallsRequests.swift; sourceTree = "<group>"; };
		7C9854F8238BCDB000241A62 /* Requests.swift */ = {isa = PBXFileReference; lastKnownFileType = sourcecode.swift; path = Requests.swift; sourceTree = "<group>"; };
		7CDDD9CB237374C000C6EF37 /* Groak.app */ = {isa = PBXFileReference; explicitFileType = wrapper.application; includeInIndex = 0; path = Groak.app; sourceTree = BUILT_PRODUCTS_DIR; };
		7CDDD9CE237374C000C6EF37 /* AppDelegate.swift */ = {isa = PBXFileReference; lastKnownFileType = sourcecode.swift; path = AppDelegate.swift; sourceTree = "<group>"; };
		7CDDD9D7237374C100C6EF37 /* Assets.xcassets */ = {isa = PBXFileReference; lastKnownFileType = folder.assetcatalog; path = Assets.xcassets; sourceTree = "<group>"; };
		7CDDD9DA237374C100C6EF37 /* Base */ = {isa = PBXFileReference; lastKnownFileType = file.storyboard; name = Base; path = Base.lproj/LaunchScreen.storyboard; sourceTree = "<group>"; };
		7CDDD9E423737B4300C6EF37 /* Catalog.swift */ = {isa = PBXFileReference; lastKnownFileType = sourcecode.swift; path = Catalog.swift; sourceTree = "<group>"; };
		7CDDD9E823737C6A00C6EF37 /* IntroViewController.swift */ = {isa = PBXFileReference; lastKnownFileType = sourcecode.swift; path = IntroViewController.swift; sourceTree = "<group>"; };
		7CDDD9EA23737DD000C6EF37 /* CameraQRCodeView.swift */ = {isa = PBXFileReference; lastKnownFileType = sourcecode.swift; path = CameraQRCodeView.swift; sourceTree = "<group>"; };
		7CDDD9EC2373802B00C6EF37 /* Restaurant.swift */ = {isa = PBXFileReference; lastKnownFileType = sourcecode.swift; path = Restaurant.swift; sourceTree = "<group>"; };
		7CDDD9F0237382CA00C6EF37 /* FirestoreAPICallsRestaurants.swift */ = {isa = PBXFileReference; lastKnownFileType = sourcecode.swift; path = FirestoreAPICallsRestaurants.swift; sourceTree = "<group>"; };
		7CDDD9F22373837E00C6EF37 /* Firebase.swift */ = {isa = PBXFileReference; lastKnownFileType = sourcecode.swift; path = Firebase.swift; sourceTree = "<group>"; };
		7CDE384E23A34630006F1950 /* ReceiptHeaderView.swift */ = {isa = PBXFileReference; lastKnownFileType = sourcecode.swift; path = ReceiptHeaderView.swift; sourceTree = "<group>"; };
		7CDE385023A3464A006F1950 /* ReceiptFooterView.swift */ = {isa = PBXFileReference; lastKnownFileType = sourcecode.swift; path = ReceiptFooterView.swift; sourceTree = "<group>"; };
		7CDE385223A362C5006F1950 /* ReceiptView.swift */ = {isa = PBXFileReference; lastKnownFileType = sourcecode.swift; path = ReceiptView.swift; sourceTree = "<group>"; };
		7CEC21EB23863AC700F96390 /* AddToCartViewController.swift */ = {isa = PBXFileReference; lastKnownFileType = sourcecode.swift; path = AddToCartViewController.swift; sourceTree = "<group>"; };
		7CEC21ED23863BC100F96390 /* AddToCartHeaderView.swift */ = {isa = PBXFileReference; lastKnownFileType = sourcecode.swift; path = AddToCartHeaderView.swift; sourceTree = "<group>"; };
		7CEC21EF23863C4200F96390 /* AddToCartFooterView.swift */ = {isa = PBXFileReference; lastKnownFileType = sourcecode.swift; path = AddToCartFooterView.swift; sourceTree = "<group>"; };
		7CEC21F123863F7000F96390 /* AddToCartExtrasView.swift */ = {isa = PBXFileReference; lastKnownFileType = sourcecode.swift; path = AddToCartExtrasView.swift; sourceTree = "<group>"; };
		7CEC21F323863FB700F96390 /* AddToCartExtraOptionCell.swift */ = {isa = PBXFileReference; lastKnownFileType = sourcecode.swift; path = AddToCartExtraOptionCell.swift; sourceTree = "<group>"; };
		7CEC21F523863FFA00F96390 /* SpecialInstructionsCell.swift */ = {isa = PBXFileReference; lastKnownFileType = sourcecode.swift; path = SpecialInstructionsCell.swift; sourceTree = "<group>"; };
		7CEC21FC238B604E00F96390 /* RequestHeaderView.swift */ = {isa = PBXFileReference; lastKnownFileType = sourcecode.swift; path = RequestHeaderView.swift; sourceTree = "<group>"; };
		7CEC21FE238B688C00F96390 /* RequestView.swift */ = {isa = PBXFileReference; lastKnownFileType = sourcecode.swift; path = RequestView.swift; sourceTree = "<group>"; };
		7CEC2200238B68E900F96390 /* RequestFooterView.swift */ = {isa = PBXFileReference; lastKnownFileType = sourcecode.swift; path = RequestFooterView.swift; sourceTree = "<group>"; };
		7CEC2203238B723500F96390 /* SuggestionsCell.swift */ = {isa = PBXFileReference; lastKnownFileType = sourcecode.swift; path = SuggestionsCell.swift; sourceTree = "<group>"; };
		8E219F6C6360D565F741C7E3 /* Pods_Groak.framework */ = {isa = PBXFileReference; explicitFileType = wrapper.framework; includeInIndex = 0; path = Pods_Groak.framework; sourceTree = BUILT_PRODUCTS_DIR; };
/* End PBXFileReference section */

/* Begin PBXFrameworksBuildPhase section */
		7CDDD9C8237374C000C6EF37 /* Frameworks */ = {
			isa = PBXFrameworksBuildPhase;
			buildActionMask = 2147483647;
			files = (
				7B38BC44B37139B00DE4FBF1 /* Pods_Groak.framework in Frameworks */,
			);
			runOnlyForDeploymentPostprocessing = 0;
		};
/* End PBXFrameworksBuildPhase section */

/* Begin PBXGroup section */
		69CEEA3A23CD6E5C00EFB9AC /* ReceiptImage */ = {
			isa = PBXGroup;
			children = (
				69CEEA3B23CD6E7300EFB9AC /* RestaurantInfo.swift */,
				69CEEA3D23CD6E8100EFB9AC /* OrderPrice.swift */,
				69CEEA3F23CD6E8D00EFB9AC /* ReceiptOrderDish.swift */,
			);
			path = ReceiptImage;
			sourceTree = "<group>";
		};
		69CEEA4523CFEC7E00EFB9AC /* Notifications */ = {
			isa = PBXGroup;
			children = (
				69CEEA4623CFEC9800EFB9AC /* UserNotifications.swift */,
				69C24CBB23CFFCEB002C4053 /* FirebaseMessaging.swift */,
			);
			path = Notifications;
			sourceTree = "<group>";
		};
		7C0B8A91239774130005F093 /* LocalStorage */ = {
			isa = PBXGroup;
			children = (
				7C5457B423A3030E00C79FC6 /* CoreData */,
				7C0B8A922397742D0005F093 /* LocalRestaurant.swift */,
			);
			path = LocalStorage;
			sourceTree = "<group>";
		};
		7C0B8A962397784F0005F093 /* Cart */ = {
			isa = PBXGroup;
			children = (
				7C0B8A9723977A9A0005F093 /* CartViewController.swift */,
				7C0B8A9923977ABA0005F093 /* CartHeaderView.swift */,
				7C0B8A9B23977BE10005F093 /* CartFooterView.swift */,
				7C0B8AA3239783070005F093 /* CartView */,
				7C59E3FA23978928005CFED5 /* CartDetailsView */,
			);
			path = Cart;
			sourceTree = "<group>";
		};
		7C0B8AA3239783070005F093 /* CartView */ = {
			isa = PBXGroup;
			children = (
				7C0B8A9D23977CEA0005F093 /* CartView.swift */,
				7C0B8AA4239783280005F093 /* CartDishCell.swift */,
				7C0B8AA6239783410005F093 /* SpecialInstructionsCartCell.swift */,
			);
			path = CartView;
			sourceTree = "<group>";
		};
		7C25A4722374FE24009F26F9 /* Catalog */ = {
			isa = PBXGroup;
			children = (
				7CDDD9E423737B4300C6EF37 /* Catalog.swift */,
				7C25A48423836000009F26F9 /* TimeCatalog.swift */,
				7C25A4772375291C009F26F9 /* ColorsCatalog.swift */,
				7C25A47B237529E6009F26F9 /* FontCatalog.swift */,
				7C25A4792375297F009F26F9 /* DimensionsCatalog.swift */,
				7C25A4732374FE42009F26F9 /* DistanceCatalog.swift */,
				7C25A475237525C4009F26F9 /* ExtensionCatalog.swift */,
				7C7F907D2385FEDC0012D2BF /* ClassCatalog.swift */,
				7C33417A23A0B6E2004300E1 /* PermissionsCatalog.swift */,
			);
			path = Catalog;
			sourceTree = "<group>";
		};
		7C25A47F2375F9B0009F26F9 /* Menu */ = {
			isa = PBXGroup;
			children = (
				7C25A47D2375F9AC009F26F9 /* MenuViewController.swift */,
				7C25A4982383B728009F26F9 /* MenuHeaderView */,
				7C25A48B23837056009F26F9 /* MenuView */,
			);
			path = Menu;
			sourceTree = "<group>";
		};
		7C25A48B23837056009F26F9 /* MenuView */ = {
			isa = PBXGroup;
			children = (
				7C25A486238369E5009F26F9 /* MenuView.swift */,
				7C25A4902383738E009F26F9 /* DishCell.swift */,
			);
			path = MenuView;
			sourceTree = "<group>";
		};
		7C25A4982383B728009F26F9 /* MenuHeaderView */ = {
			isa = PBXGroup;
			children = (
				7C25A4A42384A376009F26F9 /* MenuHeaderView.swift */,
				7C25A4992383B752009F26F9 /* CategoryCell.swift */,
			);
			path = MenuHeaderView;
			sourceTree = "<group>";
		};
		7C25A49B23847128009F26F9 /* Search */ = {
			isa = PBXGroup;
			children = (
				7C25A49C23847231009F26F9 /* SearchViewController.swift */,
				7C25A49E238479F1009F26F9 /* SearchHeaderView */,
				7C25A4A123848E28009F26F9 /* SearchMenuView */,
			);
			path = Search;
			sourceTree = "<group>";
		};
		7C25A49E238479F1009F26F9 /* SearchHeaderView */ = {
			isa = PBXGroup;
			children = (
				7C25A49F23847A10009F26F9 /* SearchHeaderView.swift */,
			);
			path = SearchHeaderView;
			sourceTree = "<group>";
		};
		7C25A4A123848E28009F26F9 /* SearchMenuView */ = {
			isa = PBXGroup;
			children = (
				7C25A4A223848E4D009F26F9 /* SearchMenuView.swift */,
			);
			path = SearchMenuView;
			sourceTree = "<group>";
		};
		7C25A4A62384C44C009F26F9 /* Dish */ = {
			isa = PBXGroup;
			children = (
				7C25A4AC2384C586009F26F9 /* DishViewController.swift */,
				7C25A4AE2384C597009F26F9 /* DishHeaderView.swift */,
				7C25A4B02384C5A4009F26F9 /* DishFooterView.swift */,
				7C25A4B22384C5F4009F26F9 /* DishDetailsView */,
			);
			path = Dish;
			sourceTree = "<group>";
		};
		7C25A4B22384C5F4009F26F9 /* DishDetailsView */ = {
			isa = PBXGroup;
			children = (
				7C25A4B32384C60D009F26F9 /* DishDetailsView.swift */,
				7C7F90652385CE180012D2BF /* DishImageCell.swift */,
				6978388423B6C38300C06EEB /* DishInfoCell.swift */,
				7C7F90672385CEDA0012D2BF /* DishContentCell.swift */,
				7C7F90692385CEF10012D2BF /* DishDescriptionCell.swift */,
				7C7F906B2385E2FE0012D2BF /* Ingredients */,
			);
			path = DishDetailsView;
			sourceTree = "<group>";
		};
		7C334174239F2201004300E1 /* Tabbar */ = {
			isa = PBXGroup;
			children = (
				7C334175239F2218004300E1 /* TabbarViewController.swift */,
			);
			path = Tabbar;
			sourceTree = "<group>";
		};
		7C33417723A0AD84004300E1 /* Permissions */ = {
			isa = PBXGroup;
			children = (
				7C33417823A0AD9C004300E1 /* AllowCameraViewController.swift */,
				7C33417C23A0C486004300E1 /* AllowLocationViewController.swift */,
			);
			path = Permissions;
			sourceTree = "<group>";
		};
		7C5457B423A3030E00C79FC6 /* CoreData */ = {
			isa = PBXGroup;
			children = (
				7C5457B123A300A500C79FC6 /* Groak.xcdatamodeld */,
				7C5457B523A3034700C79FC6 /* CoreDataComment+CoreDataClass.swift */,
				7C5457B623A3034700C79FC6 /* CoreDataComment+CoreDataProperties.swift */,
				7C5457B723A3034700C79FC6 /* CoreDataDish+CoreDataClass.swift */,
				7C5457B823A3034700C79FC6 /* CoreDataDish+CoreDataProperties.swift */,
				7C5457B923A3034700C79FC6 /* CoreDataDishExtraOption+CoreDataClass.swift */,
				7C5457BA23A3034700C79FC6 /* CoreDataDishExtraOption+CoreDataProperties.swift */,
				7C5457BB23A3034700C79FC6 /* CoreDataDishExtra+CoreDataClass.swift */,
				7C5457BC23A3034700C79FC6 /* CoreDataDishExtra+CoreDataProperties.swift */,
			);
			path = CoreData;
			sourceTree = "<group>";
		};
		7C59E3FA23978928005CFED5 /* CartDetailsView */ = {
			isa = PBXGroup;
			children = (
				7C59E3FB2397898E005CFED5 /* CartDetailsViewController.swift */,
				7C59E4012398A8E1005CFED5 /* CartDetailsView.swift */,
				7C59E3FD239789BF005CFED5 /* CartDetailsHeaderView.swift */,
				7C59E3FF239789CC005CFED5 /* CartDetailsFooterView.swift */,
			);
			path = CartDetailsView;
			sourceTree = "<group>";
		};
		7C59E4032399FA48005CFED5 /* Order */ = {
			isa = PBXGroup;
			children = (
				7C59E4042399FA66005CFED5 /* OrderViewController.swift */,
				7C59E4062399FAF6005CFED5 /* OrderHeaderView.swift */,
				7C59E4082399FB07005CFED5 /* OrderFooterView.swift */,
				7C59E40A2399FBF8005CFED5 /* OrderView */,
			);
			path = Order;
			sourceTree = "<group>";
		};
		7C59E40A2399FBF8005CFED5 /* OrderView */ = {
			isa = PBXGroup;
			children = (
				7C59E4112399FE0C005CFED5 /* OrderView.swift */,
				7C59E40B2399FC0D005CFED5 /* OrderStatusCell.swift */,
				7C59E40D2399FC1F005CFED5 /* OrderDishCell.swift */,
				7C59E417239B2CE7005CFED5 /* OrderCommentCell.swift */,
				7C59E40F2399FC39005CFED5 /* SpecialInstructionsOrderCell.swift */,
			);
			path = OrderView;
			sourceTree = "<group>";
		};
		7C59E43C239B49CE005CFED5 /* SheetView */ = {
			isa = PBXGroup;
			children = (
				7C25A4702373BEDE009F26F9 /* BottomSheetView.swift */,
				7C59E43D239B4A89005CFED5 /* BottomSheetHeaderView.swift */,
				7C59E43F239B4DA4005CFED5 /* RestaurantsListView.swift */,
				7C59E441239B4EBE005CFED5 /* RestaurantCell.swift */,
				7C59E443239B5126005CFED5 /* RestaurantFullView.swift */,
			);
			path = SheetView;
			sourceTree = "<group>";
		};
		7C7F906B2385E2FE0012D2BF /* Ingredients */ = {
			isa = PBXGroup;
			children = (
				7C7F906E2385E5410012D2BF /* IngredientsViewController.swift */,
				7C7F90702385E59D0012D2BF /* IngredientsHeaderView.swift */,
				7C7F90722385E5BC0012D2BF /* IngredientsView.swift */,
				7C7F90762385EBE70012D2BF /* IngredientWeb */,
			);
			path = Ingredients;
			sourceTree = "<group>";
		};
		7C7F90762385EBE70012D2BF /* IngredientWeb */ = {
			isa = PBXGroup;
			children = (
				7C7F90772385EC000012D2BF /* IngredientWebViewController.swift */,
				7C7F90792385EC240012D2BF /* IngredientWebHeaderView.swift */,
				7C7F907B2385EC300012D2BF /* IngredientWebView.swift */,
			);
			path = IngredientWeb;
			sourceTree = "<group>";
		};
		7C9854F3238BC3D000241A62 /* RequestView */ = {
			isa = PBXGroup;
			children = (
				7CEC21FE238B688C00F96390 /* RequestView.swift */,
				7C9854F4238BC42300241A62 /* RequestCell.swift */,
			);
			path = RequestView;
			sourceTree = "<group>";
		};
		7CDDD9C2237374C000C6EF37 = {
			isa = PBXGroup;
			children = (
				7CDDD9CD237374C000C6EF37 /* Groak */,
				CE16F9FEE08D6C1E232D2D9C /* Pods */,
				C892FF093140860B55151A5F /* Frameworks */,
			);
			sourceTree = "<group>";
		};
		7CDDD9CC237374C000C6EF37 /* Products */ = {
			isa = PBXGroup;
			children = (
				7CDDD9CB237374C000C6EF37 /* Groak.app */,
			);
			name = Products;
			path = ..;
			sourceTree = "<group>";
		};
		7CDDD9CD237374C000C6EF37 /* Groak */ = {
			isa = PBXGroup;
			children = (
				7CDDD9CE237374C000C6EF37 /* AppDelegate.swift */,
				7C25A4722374FE24009F26F9 /* Catalog */,
				7C0B8A91239774130005F093 /* LocalStorage */,
				7CDDD9EE2373823C00C6EF37 /* Firebase */,
				69CEEA4523CFEC7E00EFB9AC /* Notifications */,
				7CDDD9E623737BC200C6EF37 /* ViewController */,
				7CDDD9F42373A49400C6EF37 /* RestaurantObjects */,
				7CDDD9D7237374C100C6EF37 /* Assets.xcassets */,
				7CDDD9D9237374C100C6EF37 /* LaunchScreen.storyboard */,
				69A5879F23A9DF2E003C9D16 /* Info.plist */,
				69CEEA4323CEB45F00EFB9AC /* GoogleService-Info.plist */,
				7CDDD9CC237374C000C6EF37 /* Products */,
			);
			path = Groak;
			sourceTree = "<group>";
		};
		7CDDD9E623737BC200C6EF37 /* ViewController */ = {
			isa = PBXGroup;
			children = (
				7CDDD9E723737BCE00C6EF37 /* Intro */,
				7C25A47F2375F9B0009F26F9 /* Menu */,
				7CEC21F9238B600200F96390 /* Request */,
				7C25A49B23847128009F26F9 /* Search */,
				7C25A4A62384C44C009F26F9 /* Dish */,
				7CEC21EA2386397700F96390 /* AddToCart */,
				7C0B8A962397784F0005F093 /* Cart */,
				7C59E4032399FA48005CFED5 /* Order */,
				7CDE384823A343AB006F1950 /* Receipt */,
				7C33417723A0AD84004300E1 /* Permissions */,
			);
			path = ViewController;
			sourceTree = "<group>";
		};
		7CDDD9E723737BCE00C6EF37 /* Intro */ = {
			isa = PBXGroup;
			children = (
				7CDDD9E823737C6A00C6EF37 /* IntroViewController.swift */,
				7CDDD9EA23737DD000C6EF37 /* CameraQRCodeView.swift */,
				7C59E43C239B49CE005CFED5 /* SheetView */,
				7C334174239F2201004300E1 /* Tabbar */,
			);
			path = Intro;
			sourceTree = "<group>";
		};
		7CDDD9EE2373823C00C6EF37 /* Firebase */ = {
			isa = PBXGroup;
			children = (
				7CDDD9F22373837E00C6EF37 /* Firebase.swift */,
				7CDDD9EF2373828600C6EF37 /* FirestoreAPICalls */,
			);
			path = Firebase;
			sourceTree = "<group>";
		};
		7CDDD9EF2373828600C6EF37 /* FirestoreAPICalls */ = {
			isa = PBXGroup;
			children = (
				7CDDD9F0237382CA00C6EF37 /* FirestoreAPICallsRestaurants.swift */,
				7C25A46E2373B19B009F26F9 /* FirestoreAPICallsTables.swift */,
				7C25A49423838130009F26F9 /* FirestoreAPICallsDishes.swift */,
				7C9854F6238BC85300241A62 /* FirestoreAPICallsRequests.swift */,
				7C59E413239A0693005CFED5 /* FirestoreAPICallsOrders.swift */,
			);
			path = FirestoreAPICalls;
			sourceTree = "<group>";
		};
		7CDDD9F42373A49400C6EF37 /* RestaurantObjects */ = {
			isa = PBXGroup;
			children = (
				7C25A46C2373A50C009F26F9 /* Table.swift */,
				7CDDD9EC2373802B00C6EF37 /* Restaurant.swift */,
				7C25A4802383534E009F26F9 /* MenuCategory.swift */,
				7C25A49223837926009F26F9 /* Dish.swift */,
				7C9854F8238BCDB000241A62 /* Requests.swift */,
				7C0B8A94239774BE0005F093 /* Cart.swift */,
				7C59E415239AE317005CFED5 /* Order.swift */,
			);
			path = RestaurantObjects;
			sourceTree = "<group>";
		};
		7CDE384823A343AB006F1950 /* Receipt */ = {
			isa = PBXGroup;
			children = (
				7C63CD6623A3827800650AE0 /* ReceiptViewController.swift */,
				7CDE384E23A34630006F1950 /* ReceiptHeaderView.swift */,
				7CDE385023A3464A006F1950 /* ReceiptFooterView.swift */,
				7CDE385423A362F4006F1950 /* ReceiptView */,
				69CEEA3A23CD6E5C00EFB9AC /* ReceiptImage */,
			);
			path = Receipt;
			sourceTree = "<group>";
		};
		7CDE385423A362F4006F1950 /* ReceiptView */ = {
			isa = PBXGroup;
			children = (
				7CDE385223A362C5006F1950 /* ReceiptView.swift */,
				7C63CD6023A3775100650AE0 /* RestaurantInfoCell.swift */,
				7C63CD6223A37B5A00650AE0 /* OrderPriceCell.swift */,
				7C63CD6423A3800700650AE0 /* ReceiptOrderDishCell.swift */,
			);
			path = ReceiptView;
			sourceTree = "<group>";
		};
		7CEC21EA2386397700F96390 /* AddToCart */ = {
			isa = PBXGroup;
			children = (
				7CEC21EB23863AC700F96390 /* AddToCartViewController.swift */,
				7CEC21ED23863BC100F96390 /* AddToCartHeaderView.swift */,
				7CEC21EF23863C4200F96390 /* AddToCartFooterView.swift */,
				7CEC21F123863F7000F96390 /* AddToCartExtrasView.swift */,
				7CEC21F323863FB700F96390 /* AddToCartExtraOptionCell.swift */,
				7CEC21F523863FFA00F96390 /* SpecialInstructionsCell.swift */,
			);
			path = AddToCart;
			sourceTree = "<group>";
		};
		7CEC21F9238B600200F96390 /* Request */ = {
			isa = PBXGroup;
			children = (
				693648A723C320EA00D23631 /* RequestsViewController.swift */,
				7CEC21FC238B604E00F96390 /* RequestHeaderView.swift */,
				7CEC2202238B720200F96390 /* RequestFooterView */,
				7C9854F3238BC3D000241A62 /* RequestView */,
			);
			path = Request;
			sourceTree = "<group>";
		};
		7CEC2202238B720200F96390 /* RequestFooterView */ = {
			isa = PBXGroup;
			children = (
				7CEC2200238B68E900F96390 /* RequestFooterView.swift */,
				7CEC2203238B723500F96390 /* SuggestionsCell.swift */,
			);
			path = RequestFooterView;
			sourceTree = "<group>";
		};
		C892FF093140860B55151A5F /* Frameworks */ = {
			isa = PBXGroup;
			children = (
				8E219F6C6360D565F741C7E3 /* Pods_Groak.framework */,
			);
			name = Frameworks;
			sourceTree = "<group>";
		};
		CE16F9FEE08D6C1E232D2D9C /* Pods */ = {
			isa = PBXGroup;
			children = (
				3198C123726362ECBA54CC8D /* Pods-Groak.debug.xcconfig */,
				5225B9348E5B5B29C5074626 /* Pods-Groak.release.xcconfig */,
			);
			path = Pods;
			sourceTree = "<group>";
		};
/* End PBXGroup section */

/* Begin PBXNativeTarget section */
		7CDDD9CA237374C000C6EF37 /* Groak */ = {
			isa = PBXNativeTarget;
			buildConfigurationList = 7CDDD9DF237374C100C6EF37 /* Build configuration list for PBXNativeTarget "Groak" */;
			buildPhases = (
				1B17B3D4F42BF5F8FF946EF0 /* [CP] Check Pods Manifest.lock */,
				7CDDD9C7237374C000C6EF37 /* Sources */,
				7CDDD9C8237374C000C6EF37 /* Frameworks */,
				7CDDD9C9237374C000C6EF37 /* Resources */,
				E7F8D4993AF936F411E205DC /* [CP] Embed Pods Frameworks */,
			);
			buildRules = (
			);
			dependencies = (
			);
			name = Groak;
			productName = Groak;
			productReference = 7CDDD9CB237374C000C6EF37 /* Groak.app */;
			productType = "com.apple.product-type.application";
		};
/* End PBXNativeTarget section */

/* Begin PBXProject section */
		7CDDD9C3237374C000C6EF37 /* Project object */ = {
			isa = PBXProject;
			attributes = {
				LastSwiftUpdateCheck = 1110;
				LastUpgradeCheck = 1110;
				ORGANIZATIONNAME = Groak;
				TargetAttributes = {
					7CDDD9CA237374C000C6EF37 = {
						CreatedOnToolsVersion = 11.1;
					};
				};
			};
			buildConfigurationList = 7CDDD9C6237374C000C6EF37 /* Build configuration list for PBXProject "Groak" */;
			compatibilityVersion = "Xcode 9.3";
			developmentRegion = en;
			hasScannedForEncodings = 0;
			knownRegions = (
				en,
				Base,
			);
			mainGroup = 7CDDD9C2237374C000C6EF37;
			productRefGroup = 7CDDD9CC237374C000C6EF37 /* Products */;
			projectDirPath = "";
			projectRoot = "";
			targets = (
				7CDDD9CA237374C000C6EF37 /* Groak */,
			);
		};
/* End PBXProject section */

/* Begin PBXResourcesBuildPhase section */
		7CDDD9C9237374C000C6EF37 /* Resources */ = {
			isa = PBXResourcesBuildPhase;
			buildActionMask = 2147483647;
			files = (
				7CDDD9DB237374C100C6EF37 /* LaunchScreen.storyboard in Resources */,
				7CDDD9D8237374C100C6EF37 /* Assets.xcassets in Resources */,
				69CEEA4423CEB45F00EFB9AC /* GoogleService-Info.plist in Resources */,
			);
			runOnlyForDeploymentPostprocessing = 0;
		};
/* End PBXResourcesBuildPhase section */

/* Begin PBXShellScriptBuildPhase section */
		1B17B3D4F42BF5F8FF946EF0 /* [CP] Check Pods Manifest.lock */ = {
			isa = PBXShellScriptBuildPhase;
			buildActionMask = 2147483647;
			files = (
			);
			inputFileListPaths = (
			);
			inputPaths = (
				"${PODS_PODFILE_DIR_PATH}/Podfile.lock",
				"${PODS_ROOT}/Manifest.lock",
			);
			name = "[CP] Check Pods Manifest.lock";
			outputFileListPaths = (
			);
			outputPaths = (
				"$(DERIVED_FILE_DIR)/Pods-Groak-checkManifestLockResult.txt",
			);
			runOnlyForDeploymentPostprocessing = 0;
			shellPath = /bin/sh;
			shellScript = "diff \"${PODS_PODFILE_DIR_PATH}/Podfile.lock\" \"${PODS_ROOT}/Manifest.lock\" > /dev/null\nif [ $? != 0 ] ; then\n    # print error to STDERR\n    echo \"error: The sandbox is not in sync with the Podfile.lock. Run 'pod install' or update your CocoaPods installation.\" >&2\n    exit 1\nfi\n# This output is used by Xcode 'outputs' to avoid re-running this script phase.\necho \"SUCCESS\" > \"${SCRIPT_OUTPUT_FILE_0}\"\n";
			showEnvVarsInLog = 0;
		};
		E7F8D4993AF936F411E205DC /* [CP] Embed Pods Frameworks */ = {
			isa = PBXShellScriptBuildPhase;
			buildActionMask = 2147483647;
			files = (
			);
			inputFileListPaths = (
				"${PODS_ROOT}/Target Support Files/Pods-Groak/Pods-Groak-frameworks-${CONFIGURATION}-input-files.xcfilelist",
			);
			name = "[CP] Embed Pods Frameworks";
			outputFileListPaths = (
				"${PODS_ROOT}/Target Support Files/Pods-Groak/Pods-Groak-frameworks-${CONFIGURATION}-output-files.xcfilelist",
			);
			runOnlyForDeploymentPostprocessing = 0;
			shellPath = /bin/sh;
			shellScript = "\"${PODS_ROOT}/Target Support Files/Pods-Groak/Pods-Groak-frameworks.sh\"\n";
			showEnvVarsInLog = 0;
		};
/* End PBXShellScriptBuildPhase section */

/* Begin PBXSourcesBuildPhase section */
		7CDDD9C7237374C000C6EF37 /* Sources */ = {
			isa = PBXSourcesBuildPhase;
			buildActionMask = 2147483647;
			files = (
				7C59E400239789CC005CFED5 /* CartDetailsFooterView.swift in Sources */,
				7CDDD9F32373837E00C6EF37 /* Firebase.swift in Sources */,
				7C7F90712385E59D0012D2BF /* IngredientsHeaderView.swift in Sources */,
				7C7F90662385CE180012D2BF /* DishImageCell.swift in Sources */,
				7C59E418239B2CE7005CFED5 /* OrderCommentCell.swift in Sources */,
				7C25A4B12384C5A4009F26F9 /* DishFooterView.swift in Sources */,
				7CEC21EE23863BC100F96390 /* AddToCartHeaderView.swift in Sources */,
				7C9854F9238BCDB000241A62 /* Requests.swift in Sources */,
				7C59E43E239B4A89005CFED5 /* BottomSheetHeaderView.swift in Sources */,
				7C25A4912383738E009F26F9 /* DishCell.swift in Sources */,
				693648A823C320EA00D23631 /* RequestsViewController.swift in Sources */,
				7C25A476237525C4009F26F9 /* ExtensionCatalog.swift in Sources */,
				7C9854F5238BC42300241A62 /* RequestCell.swift in Sources */,
				7C25A49D23847232009F26F9 /* SearchViewController.swift in Sources */,
				7C25A4A52384A376009F26F9 /* MenuHeaderView.swift in Sources */,
				69CEEA4723CFEC9800EFB9AC /* UserNotifications.swift in Sources */,
				7C25A4712373BEDE009F26F9 /* BottomSheetView.swift in Sources */,
				7C59E4072399FAF6005CFED5 /* OrderHeaderView.swift in Sources */,
				7C59E40C2399FC0D005CFED5 /* OrderStatusCell.swift in Sources */,
				7C25A49523838130009F26F9 /* FirestoreAPICallsDishes.swift in Sources */,
				7C0B8A9A23977ABA0005F093 /* CartHeaderView.swift in Sources */,
				7CDDD9ED2373802B00C6EF37 /* Restaurant.swift in Sources */,
				7CEC2204238B723500F96390 /* SuggestionsCell.swift in Sources */,
				7C5457C023A3034700C79FC6 /* CoreDataDish+CoreDataProperties.swift in Sources */,
				7C5457BE23A3034700C79FC6 /* CoreDataComment+CoreDataProperties.swift in Sources */,
				7C25A4A023847A10009F26F9 /* SearchHeaderView.swift in Sources */,
				69CEEA3C23CD6E7300EFB9AC /* RestaurantInfo.swift in Sources */,
				7C59E40E2399FC1F005CFED5 /* OrderDishCell.swift in Sources */,
				7C59E3FC2397898E005CFED5 /* CartDetailsViewController.swift in Sources */,
				7C25A4742374FE42009F26F9 /* DistanceCatalog.swift in Sources */,
				7C25A487238369E5009F26F9 /* MenuView.swift in Sources */,
				7C59E442239B4EBE005CFED5 /* RestaurantCell.swift in Sources */,
				7C0B8A932397742D0005F093 /* LocalRestaurant.swift in Sources */,
				7C25A48523836000009F26F9 /* TimeCatalog.swift in Sources */,
				7C7F90682385CEDA0012D2BF /* DishContentCell.swift in Sources */,
				7C63CD6323A37B5A00650AE0 /* OrderPriceCell.swift in Sources */,
				7C7F90782385EC000012D2BF /* IngredientWebViewController.swift in Sources */,
				7C25A49323837926009F26F9 /* Dish.swift in Sources */,
				7C59E4022398A8E1005CFED5 /* CartDetailsView.swift in Sources */,
				7C33417923A0AD9C004300E1 /* AllowCameraViewController.swift in Sources */,
				7C0B8A95239774BE0005F093 /* Cart.swift in Sources */,
				7CEC21F423863FB700F96390 /* AddToCartExtraOptionCell.swift in Sources */,
				7C25A4AD2384C586009F26F9 /* DishViewController.swift in Sources */,
				69CEEA3E23CD6E8100EFB9AC /* OrderPrice.swift in Sources */,
				7C5457C223A3034700C79FC6 /* CoreDataDishExtraOption+CoreDataProperties.swift in Sources */,
				7C59E4052399FA66005CFED5 /* OrderViewController.swift in Sources */,
				7C7F907A2385EC240012D2BF /* IngredientWebHeaderView.swift in Sources */,
				7C59E416239AE317005CFED5 /* Order.swift in Sources */,
				7CEC21F223863F7000F96390 /* AddToCartExtrasView.swift in Sources */,
				7C25A4B42384C60D009F26F9 /* DishDetailsView.swift in Sources */,
				7C9854F7238BC85300241A62 /* FirestoreAPICallsRequests.swift in Sources */,
				7CDDD9E923737C6A00C6EF37 /* IntroViewController.swift in Sources */,
				7C334176239F2218004300E1 /* TabbarViewController.swift in Sources */,
				7C7F906A2385CEF10012D2BF /* DishDescriptionCell.swift in Sources */,
				7C59E444239B5126005CFED5 /* RestaurantFullView.swift in Sources */,
				7CEC21F023863C4200F96390 /* AddToCartFooterView.swift in Sources */,
				7CDDD9CF237374C000C6EF37 /* AppDelegate.swift in Sources */,
				7C25A49A2383B752009F26F9 /* CategoryCell.swift in Sources */,
				7CEC21FF238B688C00F96390 /* RequestView.swift in Sources */,
				7C0B8A9E23977CEA0005F093 /* CartView.swift in Sources */,
				7C7F906F2385E5410012D2BF /* IngredientsViewController.swift in Sources */,
				7C25A4AF2384C597009F26F9 /* DishHeaderView.swift in Sources */,
				7C63CD6523A3800700650AE0 /* ReceiptOrderDishCell.swift in Sources */,
				7C59E440239B4DA5005CFED5 /* RestaurantsListView.swift in Sources */,
				7C59E3FE239789BF005CFED5 /* CartDetailsHeaderView.swift in Sources */,
				7CDDD9E523737B4300C6EF37 /* Catalog.swift in Sources */,
				7CEC21F623863FFA00F96390 /* SpecialInstructionsCell.swift in Sources */,
				7CEC21FD238B604E00F96390 /* RequestHeaderView.swift in Sources */,
				69C24CBC23CFFCEB002C4053 /* FirebaseMessaging.swift in Sources */,
				7C25A47A2375297F009F26F9 /* DimensionsCatalog.swift in Sources */,
				69CEEA4023CD6E8D00EFB9AC /* ReceiptOrderDish.swift in Sources */,
				7C5457C323A3034700C79FC6 /* CoreDataDishExtra+CoreDataClass.swift in Sources */,
				7C33417B23A0B6E2004300E1 /* PermissionsCatalog.swift in Sources */,
				7C7F907E2385FEDC0012D2BF /* ClassCatalog.swift in Sources */,
				7C5457BD23A3034700C79FC6 /* CoreDataComment+CoreDataClass.swift in Sources */,
				7C25A47C237529E6009F26F9 /* FontCatalog.swift in Sources */,
				7C59E4092399FB07005CFED5 /* OrderFooterView.swift in Sources */,
				7C0B8A9C23977BE10005F093 /* CartFooterView.swift in Sources */,
				7C25A47E2375F9AC009F26F9 /* MenuViewController.swift in Sources */,
				7CDE385123A3464A006F1950 /* ReceiptFooterView.swift in Sources */,
				7CEC2201238B68E900F96390 /* RequestFooterView.swift in Sources */,
				7C0B8AA5239783280005F093 /* CartDishCell.swift in Sources */,
				7C59E4122399FE0C005CFED5 /* OrderView.swift in Sources */,
				7CDE385323A362C5006F1950 /* ReceiptView.swift in Sources */,
				7C25A4A323848E4D009F26F9 /* SearchMenuView.swift in Sources */,
				7C59E414239A0693005CFED5 /* FirestoreAPICallsOrders.swift in Sources */,
				7C33417D23A0C486004300E1 /* AllowLocationViewController.swift in Sources */,
				7C7F90732385E5BC0012D2BF /* IngredientsView.swift in Sources */,
				7CDDD9EB23737DD000C6EF37 /* CameraQRCodeView.swift in Sources */,
				7C0B8AA7239783410005F093 /* SpecialInstructionsCartCell.swift in Sources */,
				6978388523B6C38300C06EEB /* DishInfoCell.swift in Sources */,
				7C63CD6723A3827800650AE0 /* ReceiptViewController.swift in Sources */,
				7C7F907C2385EC300012D2BF /* IngredientWebView.swift in Sources */,
				7C63CD6123A3775100650AE0 /* RestaurantInfoCell.swift in Sources */,
				7C5457BF23A3034700C79FC6 /* CoreDataDish+CoreDataClass.swift in Sources */,
				7C0B8A9823977A9A0005F093 /* CartViewController.swift in Sources */,
				7C25A46F2373B19B009F26F9 /* FirestoreAPICallsTables.swift in Sources */,
				7C5457B323A300A500C79FC6 /* Groak.xcdatamodeld in Sources */,
				7C25A4782375291C009F26F9 /* ColorsCatalog.swift in Sources */,
				7C5457C123A3034700C79FC6 /* CoreDataDishExtraOption+CoreDataClass.swift in Sources */,
				7C5457C423A3034700C79FC6 /* CoreDataDishExtra+CoreDataProperties.swift in Sources */,
				7C25A46D2373A50C009F26F9 /* Table.swift in Sources */,
				7C59E4102399FC39005CFED5 /* SpecialInstructionsOrderCell.swift in Sources */,
				7CDE384F23A34630006F1950 /* ReceiptHeaderView.swift in Sources */,
				7CEC21EC23863AC700F96390 /* AddToCartViewController.swift in Sources */,
				7CDDD9F1237382CA00C6EF37 /* FirestoreAPICallsRestaurants.swift in Sources */,
				7C25A4812383534E009F26F9 /* MenuCategory.swift in Sources */,
			);
			runOnlyForDeploymentPostprocessing = 0;
		};
/* End PBXSourcesBuildPhase section */

/* Begin PBXVariantGroup section */
		7CDDD9D9237374C100C6EF37 /* LaunchScreen.storyboard */ = {
			isa = PBXVariantGroup;
			children = (
				7CDDD9DA237374C100C6EF37 /* Base */,
			);
			name = LaunchScreen.storyboard;
			sourceTree = "<group>";
		};
/* End PBXVariantGroup section */

/* Begin XCBuildConfiguration section */
		7CDDD9DD237374C100C6EF37 /* Debug */ = {
			isa = XCBuildConfiguration;
			buildSettings = {
				ALWAYS_SEARCH_USER_PATHS = NO;
				CLANG_ANALYZER_NONNULL = YES;
				CLANG_ANALYZER_NUMBER_OBJECT_CONVERSION = YES_AGGRESSIVE;
				CLANG_CXX_LANGUAGE_STANDARD = "gnu++14";
				CLANG_CXX_LIBRARY = "libc++";
				CLANG_ENABLE_MODULES = YES;
				CLANG_ENABLE_OBJC_ARC = YES;
				CLANG_ENABLE_OBJC_WEAK = YES;
				CLANG_WARN_BLOCK_CAPTURE_AUTORELEASING = YES;
				CLANG_WARN_BOOL_CONVERSION = YES;
				CLANG_WARN_COMMA = YES;
				CLANG_WARN_CONSTANT_CONVERSION = YES;
				CLANG_WARN_DEPRECATED_OBJC_IMPLEMENTATIONS = YES;
				CLANG_WARN_DIRECT_OBJC_ISA_USAGE = YES_ERROR;
				CLANG_WARN_DOCUMENTATION_COMMENTS = YES;
				CLANG_WARN_EMPTY_BODY = YES;
				CLANG_WARN_ENUM_CONVERSION = YES;
				CLANG_WARN_INFINITE_RECURSION = YES;
				CLANG_WARN_INT_CONVERSION = YES;
				CLANG_WARN_NON_LITERAL_NULL_CONVERSION = YES;
				CLANG_WARN_OBJC_IMPLICIT_RETAIN_SELF = YES;
				CLANG_WARN_OBJC_LITERAL_CONVERSION = YES;
				CLANG_WARN_OBJC_ROOT_CLASS = YES_ERROR;
				CLANG_WARN_RANGE_LOOP_ANALYSIS = YES;
				CLANG_WARN_STRICT_PROTOTYPES = YES;
				CLANG_WARN_SUSPICIOUS_MOVE = YES;
				CLANG_WARN_UNGUARDED_AVAILABILITY = YES_AGGRESSIVE;
				CLANG_WARN_UNREACHABLE_CODE = YES;
				CLANG_WARN__DUPLICATE_METHOD_MATCH = YES;
				COPY_PHASE_STRIP = NO;
				DEBUG_INFORMATION_FORMAT = dwarf;
				ENABLE_STRICT_OBJC_MSGSEND = YES;
				ENABLE_TESTABILITY = YES;
				GCC_C_LANGUAGE_STANDARD = gnu11;
				GCC_DYNAMIC_NO_PIC = NO;
				GCC_NO_COMMON_BLOCKS = YES;
				GCC_OPTIMIZATION_LEVEL = 0;
				GCC_PREPROCESSOR_DEFINITIONS = (
					"DEBUG=1",
					"$(inherited)",
				);
				GCC_WARN_64_TO_32_BIT_CONVERSION = YES;
				GCC_WARN_ABOUT_RETURN_TYPE = YES_ERROR;
				GCC_WARN_UNDECLARED_SELECTOR = YES;
				GCC_WARN_UNINITIALIZED_AUTOS = YES_AGGRESSIVE;
				GCC_WARN_UNUSED_FUNCTION = YES;
				GCC_WARN_UNUSED_VARIABLE = YES;
				IPHONEOS_DEPLOYMENT_TARGET = 13.1;
				MTL_ENABLE_DEBUG_INFO = INCLUDE_SOURCE;
				MTL_FAST_MATH = YES;
				ONLY_ACTIVE_ARCH = YES;
				SDKROOT = iphoneos;
				SWIFT_ACTIVE_COMPILATION_CONDITIONS = DEBUG;
				SWIFT_OPTIMIZATION_LEVEL = "-Onone";
			};
			name = Debug;
		};
		7CDDD9DE237374C100C6EF37 /* Release */ = {
			isa = XCBuildConfiguration;
			buildSettings = {
				ALWAYS_SEARCH_USER_PATHS = NO;
				CLANG_ANALYZER_NONNULL = YES;
				CLANG_ANALYZER_NUMBER_OBJECT_CONVERSION = YES_AGGRESSIVE;
				CLANG_CXX_LANGUAGE_STANDARD = "gnu++14";
				CLANG_CXX_LIBRARY = "libc++";
				CLANG_ENABLE_MODULES = YES;
				CLANG_ENABLE_OBJC_ARC = YES;
				CLANG_ENABLE_OBJC_WEAK = YES;
				CLANG_WARN_BLOCK_CAPTURE_AUTORELEASING = YES;
				CLANG_WARN_BOOL_CONVERSION = YES;
				CLANG_WARN_COMMA = YES;
				CLANG_WARN_CONSTANT_CONVERSION = YES;
				CLANG_WARN_DEPRECATED_OBJC_IMPLEMENTATIONS = YES;
				CLANG_WARN_DIRECT_OBJC_ISA_USAGE = YES_ERROR;
				CLANG_WARN_DOCUMENTATION_COMMENTS = YES;
				CLANG_WARN_EMPTY_BODY = YES;
				CLANG_WARN_ENUM_CONVERSION = YES;
				CLANG_WARN_INFINITE_RECURSION = YES;
				CLANG_WARN_INT_CONVERSION = YES;
				CLANG_WARN_NON_LITERAL_NULL_CONVERSION = YES;
				CLANG_WARN_OBJC_IMPLICIT_RETAIN_SELF = YES;
				CLANG_WARN_OBJC_LITERAL_CONVERSION = YES;
				CLANG_WARN_OBJC_ROOT_CLASS = YES_ERROR;
				CLANG_WARN_RANGE_LOOP_ANALYSIS = YES;
				CLANG_WARN_STRICT_PROTOTYPES = YES;
				CLANG_WARN_SUSPICIOUS_MOVE = YES;
				CLANG_WARN_UNGUARDED_AVAILABILITY = YES_AGGRESSIVE;
				CLANG_WARN_UNREACHABLE_CODE = YES;
				CLANG_WARN__DUPLICATE_METHOD_MATCH = YES;
				COPY_PHASE_STRIP = NO;
				DEBUG_INFORMATION_FORMAT = "dwarf-with-dsym";
				ENABLE_NS_ASSERTIONS = NO;
				ENABLE_STRICT_OBJC_MSGSEND = YES;
				GCC_C_LANGUAGE_STANDARD = gnu11;
				GCC_NO_COMMON_BLOCKS = YES;
				GCC_WARN_64_TO_32_BIT_CONVERSION = YES;
				GCC_WARN_ABOUT_RETURN_TYPE = YES_ERROR;
				GCC_WARN_UNDECLARED_SELECTOR = YES;
				GCC_WARN_UNINITIALIZED_AUTOS = YES_AGGRESSIVE;
				GCC_WARN_UNUSED_FUNCTION = YES;
				GCC_WARN_UNUSED_VARIABLE = YES;
				IPHONEOS_DEPLOYMENT_TARGET = 13.1;
				MTL_ENABLE_DEBUG_INFO = NO;
				MTL_FAST_MATH = YES;
				SDKROOT = iphoneos;
				SWIFT_COMPILATION_MODE = wholemodule;
				SWIFT_OPTIMIZATION_LEVEL = "-O";
				VALIDATE_PRODUCT = YES;
			};
			name = Release;
		};
		7CDDD9E0237374C100C6EF37 /* Debug */ = {
			isa = XCBuildConfiguration;
			baseConfigurationReference = 3198C123726362ECBA54CC8D /* Pods-Groak.debug.xcconfig */;
			buildSettings = {
				ASSETCATALOG_COMPILER_APPICON_NAME = AppIcon;
				CODE_SIGN_ENTITLEMENTS = Groak/Groak.entitlements;
				CODE_SIGN_IDENTITY = "iPhone Developer";
				CODE_SIGN_STYLE = Automatic;
				DEVELOPMENT_TEAM = V48W32Q848;
				INFOPLIST_FILE = Groak/Info.plist;
				IPHONEOS_DEPLOYMENT_TARGET = 10.0;
				LD_RUNPATH_SEARCH_PATHS = (
					"$(inherited)",
					"@executable_path/Frameworks",
				);
				MARKETING_VERSION = 1.0.0;
				PRODUCT_BUNDLE_IDENTIFIER = "com.groak.Groak-iOS-Application";
				PRODUCT_NAME = "$(TARGET_NAME)";
				PROVISIONING_PROFILE_SPECIFIER = "";
				SWIFT_VERSION = 5.0;
				TARGETED_DEVICE_FAMILY = 1;
			};
			name = Debug;
		};
		7CDDD9E1237374C100C6EF37 /* Release */ = {
			isa = XCBuildConfiguration;
			baseConfigurationReference = 5225B9348E5B5B29C5074626 /* Pods-Groak.release.xcconfig */;
			buildSettings = {
				ASSETCATALOG_COMPILER_APPICON_NAME = AppIcon;
				CODE_SIGN_ENTITLEMENTS = Groak/Groak.entitlements;
				CODE_SIGN_IDENTITY = "iPhone Developer";
				CODE_SIGN_STYLE = Automatic;
				DEVELOPMENT_TEAM = V48W32Q848;
				INFOPLIST_FILE = Groak/Info.plist;
				IPHONEOS_DEPLOYMENT_TARGET = 10.0;
				LD_RUNPATH_SEARCH_PATHS = (
					"$(inherited)",
					"@executable_path/Frameworks",
				);
				MARKETING_VERSION = 1.0.0;
				PRODUCT_BUNDLE_IDENTIFIER = "com.groak.Groak-iOS-Application";
				PRODUCT_NAME = "$(TARGET_NAME)";
				PROVISIONING_PROFILE_SPECIFIER = "";
				SWIFT_VERSION = 5.0;
				TARGETED_DEVICE_FAMILY = 1;
			};
			name = Release;
		};
/* End XCBuildConfiguration section */

/* Begin XCConfigurationList section */
		7CDDD9C6237374C000C6EF37 /* Build configuration list for PBXProject "Groak" */ = {
			isa = XCConfigurationList;
			buildConfigurations = (
				7CDDD9DD237374C100C6EF37 /* Debug */,
				7CDDD9DE237374C100C6EF37 /* Release */,
			);
			defaultConfigurationIsVisible = 0;
			defaultConfigurationName = Release;
		};
		7CDDD9DF237374C100C6EF37 /* Build configuration list for PBXNativeTarget "Groak" */ = {
			isa = XCConfigurationList;
			buildConfigurations = (
				7CDDD9E0237374C100C6EF37 /* Debug */,
				7CDDD9E1237374C100C6EF37 /* Release */,
			);
			defaultConfigurationIsVisible = 0;
			defaultConfigurationName = Release;
		};
/* End XCConfigurationList section */

/* Begin XCVersionGroup section */
		7C5457B123A300A500C79FC6 /* Groak.xcdatamodeld */ = {
			isa = XCVersionGroup;
			children = (
				7C5457B223A300A500C79FC6 /* Groak.xcdatamodel */,
			);
			currentVersion = 7C5457B223A300A500C79FC6 /* Groak.xcdatamodel */;
			path = Groak.xcdatamodeld;
			sourceTree = "<group>";
			versionGroupType = wrapper.xcdatamodel;
		};
/* End XCVersionGroup section */
	};
	rootObject = 7CDDD9C3237374C000C6EF37 /* Project object */;
}
